
Microsoft Visual Studio Solution File, Format Version 12.00
# Visual Studio 15
VisualStudioVersion = 15.0.27703.2000
MinimumVisualStudioVersion = 10.0.40219.1
Project("{FAE04EC0-301F-11D3-BF4B-00C04F79EFBC}") = "bonus_api_lab", "bonus_api_lab\bonus_api_lab.csproj", "{8D07D9AA-013E-4031-A72C-BFD9140E331D}"
EndProject
Global
	GlobalSection(SolutionConfigurationPlatforms) = preSolution
		Debug|Any CPU = Debug|Any CPU
		Release|Any CPU = Release|Any CPU
	EndGlobalSection
	GlobalSection(ProjectConfigurationPlatforms) = postSolution
		{8D07D9AA-013E-4031-A72C-BFD9140E331D}.Debug|Any CPU.ActiveCfg = Debug|Any CPU
		{8D07D9AA-013E-4031-A72C-BFD9140E331D}.Debug|Any CPU.Build.0 = Debug|Any CPU
		{8D07D9AA-013E-4031-A72C-BFD9140E331D}.Release|Any CPU.ActiveCfg = Release|Any CPU
		{8D07D9AA-013E-4031-A72C-BFD9140E331D}.Release|Any CPU.Build.0 = Release|Any CPU
	EndGlobalSection
	GlobalSection(SolutionProperties) = preSolution
		HideSolutionNode = FALSE
	EndGlobalSection
	GlobalSection(ExtensibilityGlobals) = postSolution
		SolutionGuid = {AF300659-FB34-4D42-B68A-45F65E956F52}
	EndGlobalSection
EndGlobal
